dependencies:
- name: mysql 
  repository: https://charts.bitnami.com/bitnami
  version: 13.0.2
- name: logstash
  repository: https://charts.bitnami.com/bitnami
  version: 7.0.4
digest: sha256:9acead3f00befe50145d27d120a6795203cc65d72bc6578d1903642884fe1a48
generated: "2025-06-19T15:34:43.900600074+02:00"
