dependencies:
- name: mysql
  repository: https://charts.bitnami.com/bitnami
  version: 9.12.3
- name: logstash
  repository: https://charts.bitnami.com/bitnami
  version: 5.5.6
digest: sha256:28e83fa08458d74a30e4baede88924bcf36afc54cee425a0f47119ce922e4083
generated: "2023-09-25T17:34:18.592860034+02:00"
