dependencies:
- name: mysql
  repository: https://charts.bitnami.com/bitnami
  version: 12.0.1
- name: logstash
  repository: https://charts.bitnami.com/bitnami
  version: 6.3.9
digest: sha256:54d706ed82715d6ade1bf97becd2cee3f8330f2ab9f6ffe579abb0dc7aec7517
generated: "2024-11-25T16:18:28.685474634+01:00"
